
Microsoft Visual Studio Solution File, Format Version 12.00
# Visual Studio 15
Project("{FAE04EC0-301F-11D3-BF4B-00C04F79EFBC}") = "Assembly-CSharp", "Assembly-CSharp.csproj", "{C5363588-63B7-60C0-CFFC-9669B6F0B216}"
EndProject
Project("{FAE04EC0-301F-11D3-BF4B-00C04F79EFBC}") = "Assembly-CSharp-Editor", "Assembly-CSharp-Editor.csproj", "{A5145232-7247-8E38-6870-C83E999F18F8}"
EndProject
Global
	GlobalSection(SolutionConfigurationPlatforms) = preSolution
		Debug|Any CPU = Debug|Any CPU
		Release|Any CPU = Release|Any CPU
	EndGlobalSection
	GlobalSection(ProjectConfigurationPlatforms) = postSolution
		{C5363588-63B7-60C0-CFFC-9669B6F0B216}.Debug|Any CPU.ActiveCfg = Debug|Any CPU
		{C5363588-63B7-60C0-CFFC-9669B6F0B216}.Debug|Any CPU.Build.0 = Debug|Any CPU
		{C5363588-63B7-60C0-CFFC-9669B6F0B216}.Release|Any CPU.ActiveCfg = Release|Any CPU
		{C5363588-63B7-60C0-CFFC-9669B6F0B216}.Release|Any CPU.Build.0 = Release|Any CPU
		{A5145232-7247-8E38-6870-C83E999F18F8}.Debug|Any CPU.ActiveCfg = Debug|Any CPU
		{A5145232-7247-8E38-6870-C83E999F18F8}.Debug|Any CPU.Build.0 = Debug|Any CPU
		{A5145232-7247-8E38-6870-C83E999F18F8}.Release|Any CPU.ActiveCfg = Release|Any CPU
		{A5145232-7247-8E38-6870-C83E999F18F8}.Release|Any CPU.Build.0 = Release|Any CPU
	EndGlobalSection
	GlobalSection(SolutionProperties) = preSolution
		HideSolutionNode = FALSE
	EndGlobalSection
EndGlobal
